react-native-webview@7.4.2:
  version "7.4.2"
  resolved "https://registry.yarnpkg.com/react-native-webview/-/react-native-webview-7.4.3.tgz#e00e92e17f7389d84d09f5900652501ff2665915"
  integrity sha512-4n72B2D7n1xOQSoCSD1qk9D7JksyT4d6nk8QG9guZKZn3KXQL5EejwE2yhh1TxZRQpr+OD3a96rb+rA/UEnvrQ==

react-dom@16.2.1:
  version "16.2.0"
  
malicious-npm-package@1.0.0:
  version "1.0.0"
  
systeminformation@^5.3.0:
  version "5.3.0"
  
ftp-srv@>4.3.0:
  version "4.3.0"
  
@babel/generator@7.0.0-beta.44:
  version "7.0.0-beta.44"
  resolved "https://registry.yarnpkg.com/@babel/generator/-/generator-7.0.0-beta.44.tgz#c7e67b9b5284afcf69b309b50d7d37f3e5033d42"
  dependencies:
    lodash "^4.2.0"

lodash@^4.2.0:
  version "4.2.0"

node-ps@0.0.2:
  version "0.0.2"
  
libnested@1.5.0:
  version "1.5.0"
  
node-sass@5.0.0:
  version "5.0.0"
  
eslint@^3.3.0:
  version "3.3.0"
